
Microsoft Visual Studio Solution File, Format Version 12.00
# Visual Studio Version 16
VisualStudioVersion = 16.0.29409.12
MinimumVisualStudioVersion = 10.0.40219.1
Project("{9A19103F-16F7-4668-BE54-9A1E7A4F7556}") = "RealtimeAuditMonitor.SignalR", "RealtimeAuditMonitor.SignalR\RealtimeAuditMonitor.SignalR.csproj", "{53A637C6-0FD0-41D3-8AA6-A6B3ABBA4DC1}"
EndProject
Project("{FAE04EC0-301F-11D3-BF4B-00C04F79EFBC}") = "RealtimeAuditMonitor.TestKafkaProducer", "RealtimeAuditMonitor.TestKafkaProducer\RealtimeAuditMonitor.TestKafkaProducer.csproj", "{9A601977-28B5-4957-B6D1-B343677F05A0}"
EndProject
Project("{FAE04EC0-301F-11D3-BF4B-00C04F79EFBC}") = "RealTimeAuditMonitor.KafkaConsumer", "RealTimeAuditMonitor.KafkaConsumer\RealTimeAuditMonitor.KafkaConsumer.csproj", "{0E84BB85-99C6-49B4-B5CC-64534FE6B77B}"
EndProject
Global
	GlobalSection(SolutionConfigurationPlatforms) = preSolution
		Debug|Any CPU = Debug|Any CPU
		Release|Any CPU = Release|Any CPU
	EndGlobalSection
	GlobalSection(ProjectConfigurationPlatforms) = postSolution
		{53A637C6-0FD0-41D3-8AA6-A6B3ABBA4DC1}.Debug|Any CPU.ActiveCfg = Debug|Any CPU
		{53A637C6-0FD0-41D3-8AA6-A6B3ABBA4DC1}.Debug|Any CPU.Build.0 = Debug|Any CPU
		{53A637C6-0FD0-41D3-8AA6-A6B3ABBA4DC1}.Release|Any CPU.ActiveCfg = Release|Any CPU
		{53A637C6-0FD0-41D3-8AA6-A6B3ABBA4DC1}.Release|Any CPU.Build.0 = Release|Any CPU
		{9A601977-28B5-4957-B6D1-B343677F05A0}.Debug|Any CPU.ActiveCfg = Debug|Any CPU
		{9A601977-28B5-4957-B6D1-B343677F05A0}.Debug|Any CPU.Build.0 = Debug|Any CPU
		{9A601977-28B5-4957-B6D1-B343677F05A0}.Release|Any CPU.ActiveCfg = Release|Any CPU
		{9A601977-28B5-4957-B6D1-B343677F05A0}.Release|Any CPU.Build.0 = Release|Any CPU
		{0E84BB85-99C6-49B4-B5CC-64534FE6B77B}.Debug|Any CPU.ActiveCfg = Debug|Any CPU
		{0E84BB85-99C6-49B4-B5CC-64534FE6B77B}.Debug|Any CPU.Build.0 = Debug|Any CPU
		{0E84BB85-99C6-49B4-B5CC-64534FE6B77B}.Release|Any CPU.ActiveCfg = Release|Any CPU
		{0E84BB85-99C6-49B4-B5CC-64534FE6B77B}.Release|Any CPU.Build.0 = Release|Any CPU
	EndGlobalSection
	GlobalSection(SolutionProperties) = preSolution
		HideSolutionNode = FALSE
	EndGlobalSection
	GlobalSection(ExtensibilityGlobals) = postSolution
		SolutionGuid = {1BE45328-AE41-4917-9BB6-3AD3180F87E0}
	EndGlobalSection
EndGlobal
